Microsoft Visual Studio Solution File, Format Version 12.00
# Visual Studio Version 17
VisualStudioVersion = 17.5.2.0
MinimumVisualStudioVersion = 10.0.40219.1
Project("{FAE04EC0-301F-11D3-BF4B-00C04F79EFBC}") = "AnimalSoundApp", "AnimalSoundApp\AnimalSoundApp.csproj", "{9672AC13-BA2B-8382-1E10-5E472C0CF709}"
EndProject
Global
	GlobalSection(SolutionConfigurationPlatforms) = preSolution
		Debug|Any CPU = Debug|Any CPU
		Release|Any CPU = Release|Any CPU
	EndGlobalSection
	GlobalSection(ProjectConfigurationPlatforms) = postSolution
		{9672AC13-BA2B-8382-1E10-5E472C0CF709}.Debug|Any CPU.ActiveCfg = Debug|Any CPU
		{9672AC13-BA2B-8382-1E10-5E472C0CF709}.Debug|Any CPU.Build.0 = Debug|Any CPU
		{9672AC13-BA2B-8382-1E10-5E472C0CF709}.Release|Any CPU.ActiveCfg = Release|Any CPU
		{9672AC13-BA2B-8382-1E10-5E472C0CF709}.Release|Any CPU.Build.0 = Release|Any CPU
	EndGlobalSection
	GlobalSection(SolutionProperties) = preSolution
		HideSolutionNode = FALSE
	EndGlobalSection
	GlobalSection(ExtensibilityGlobals) = postSolution
		SolutionGuid = {82A0F6C7-311C-47CD-BF2A-4FE680ADBC44}
	EndGlobalSection
EndGlobal
